{
  "name": "pdf_to_json",
  "version": "1.0.0",
  "lockfileVersion": 3,
  "requires": true,
  "packages": {
    "": {
      "name": "pdf_to_json",
      "version": "1.0.0",
      "license": "ISC",
      "dependencies": {
        "dotenv": "^16.5.0",
        "export-to-csv": "^1.4.0",
        "json-2-csv": "^5.5.9",
        "json-csv": "^4.0.18",
        "json-to-csv-export": "^3.1.0",
        "pdf2json": "^3.1.5",
        "xlsx": "^0.18.5"
      }
    },
    "node_modules/adler-32": {
      "version": "1.3.1",
      "resolved": "https://registry.npmjs.org/adler-32/-/adler-32-1.3.1.tgz",
      "integrity": "sha512-ynZ4w/nUUv5rrsR8UUGoe1VC9hZj6V5hU9Qw1HlMDJGEJw5S7TfTErWTjMys6M7vr0YWcPqs3qAr4ss0nDfP+A==",
      "license": "Apache-2.0",
      "engines": {
        "node": ">=0.8"
      }
    },
    "node_modules/cfb": {
      "version": "1.2.2",
      "resolved": "https://registry.npmjs.org/cfb/-/cfb-1.2.2.tgz",
      "integrity": "sha512-KfdUZsSOw19/ObEWasvBP/Ac4reZvAGauZhs6S/gqNhXhI7cKwvlH7ulj+dOEYnca4bm4SGo8C1bTAQvnTjgQA==",
      "license": "Apache-2.0",
      "dependencies": {
        "adler-32": "~1.3.0",
        "crc-32": "~1.2.0"
      },
      "engines": {
        "node": ">=0.8"
      }
    },
    "node_modules/codepage": {
      "version": "1.15.0",
      "resolved": "https://registry.npmjs.org/codepage/-/codepage-1.15.0.tgz",
      "integrity": "sha512-3g6NUTPd/YtuuGrhMnOMRjFc+LJw/bnMp3+0r/Wcz3IXUuCosKRJvMphm5+Q+bvTVGcJJuRvVLuYba+WojaFaA==",
      "license": "Apache-2.0",
      "engines": {
        "node": ">=0.8"
      }
    },
    "node_modules/crc-32": {
      "version": "1.2.2",
      "resolved": "https://registry.npmjs.org/crc-32/-/crc-32-1.2.2.tgz",
      "integrity": "sha512-ROmzCKrTnOwybPcJApAA6WBWij23HVfGVNKqqrZpuyZOHqK2CwHSvpGuyt/UNNvaIjEd8X5IFGp4Mh+Ie1IHJQ==",
      "license": "Apache-2.0",
      "bin": {
        "crc32": "bin/crc32.njs"
      },
      "engines": {
        "node": ">=0.8"
      }
    },
    "node_modules/deeks": {
      "version": "3.1.0",
      "resolved": "https://registry.npmjs.org/deeks/-/deeks-3.1.0.tgz",
      "integrity": "sha512-e7oWH1LzIdv/prMQ7pmlDlaVoL64glqzvNgkgQNgyec9ORPHrT2jaOqMtRyqJuwWjtfb6v+2rk9pmaHj+F137A==",
      "license": "MIT",
      "engines": {
        "node": ">= 16"
      }
    },
    "node_modules/doc-path": {
      "version": "4.1.1",
      "resolved": "https://registry.npmjs.org/doc-path/-/doc-path-4.1.1.tgz",
      "integrity": "sha512-h1ErTglQAVv2gCnOpD3sFS6uolDbOKHDU1BZq+Kl3npPqroU3dYL42lUgMfd5UimlwtRgp7C9dLGwqQ5D2HYgQ==",
      "license": "MIT",
      "engines": {
        "node": ">=16"
      }
    },
    "node_modules/dotenv": {
      "version": "16.5.0",
      "resolved": "https://registry.npmjs.org/dotenv/-/dotenv-16.5.0.tgz",
      "integrity": "sha512-m/C+AwOAr9/W1UOIZUo232ejMNnJAJtYQjUbHoNTBNTJSvqzzDh7vnrei3o3r3m9blf6ZoDkvcw0VmozNRFJxg==",
      "license": "BSD-2-Clause",
      "engines": {
        "node": ">=12"
      },
      "funding": {
        "url": "https://dotenvx.com"
      }
    },
    "node_modules/export-to-csv": {
      "version": "1.4.0",
      "resolved": "https://registry.npmjs.org/export-to-csv/-/export-to-csv-1.4.0.tgz",
      "integrity": "sha512-6CX17Cu+rC2Fi2CyZ4CkgVG3hLl6BFsdAxfXiZkmDFIDY4mRx2y2spdeH6dqPHI9rP+AsHEfGeKz84Uuw7+Pmg==",
      "license": "MIT",
      "engines": {
        "node": "^v12.20.0 || >=v14.13.0"
      }
    },
    "node_modules/frac": {
      "version": "1.1.2",
      "resolved": "https://registry.npmjs.org/frac/-/frac-1.1.2.tgz",
      "integrity": "sha512-w/XBfkibaTl3YDqASwfDUqkna4Z2p9cFSr1aHDt0WoMTECnRfBOv2WArlZILlqgWlmdIlALXGpM2AOhEk5W3IA==",
      "license": "Apache-2.0",
      "engines": {
        "node": ">=0.8"
      }
    },
    "node_modules/json-2-csv": {
      "version": "5.5.9",
      "resolved": "https://registry.npmjs.org/json-2-csv/-/json-2-csv-5.5.9.tgz",
      "integrity": "sha512-l4g6GZVHrsN+5SKkpOmGNSvho+saDZwXzj/xmcO0lJAgklzwsiqy70HS5tA9djcRvBEybZ9IF6R1MDFTEsaOGQ==",
      "license": "MIT",
      "dependencies": {
        "deeks": "3.1.0",
        "doc-path": "4.1.1"
      },
      "engines": {
        "node": ">= 16"
      }
    },
    "node_modules/json-csv": {
      "version": "4.0.18",
      "resolved": "https://registry.npmjs.org/json-csv/-/json-csv-4.0.18.tgz",
      "integrity": "sha512-dwIKUAlMQaojPaUr/0j85RMpi3UU6rqG3rEvTjQI2z1Wx6OvqumYbqEcofR1vnkUB7tBLSYx+aosGEW33wEqrg==",
      "license": "BSD-3",
      "engines": {
        "node": ">=10"
      }
    },
    "node_modules/json-to-csv-export": {
      "version": "3.1.0",
      "resolved": "https://registry.npmjs.org/json-to-csv-export/-/json-to-csv-export-3.1.0.tgz",
      "integrity": "sha512-MT9qhOZUk+SNCq34bH+v3lE9gxvx9NxhIrmrG5qWlG14Q87rqzkU+1hZX6kWjSdvVKASDhpMkTawgnAVSfjqYg==",
      "license": "MIT",
      "engines": {
        "node": ">=12.17.0"
      }
    },
    "node_modules/pdf2json": {
      "version": "3.1.5",
      "resolved": "https://registry.npmjs.org/pdf2json/-/pdf2json-3.1.5.tgz",
      "integrity": "sha512-djZPInDLNuJU+o6GaJNvcoUh6MtUAx3IYTQCTxywHzeg1jC5YWgz/XzlgmduxxBblpMTqY2fjcWwvyRdGPTyrQ==",
      "bundleDependencies": [
        "@xmldom/xmldom"
      ],
      "license": "Apache-2.0",
      "dependencies": {
        "@xmldom/xmldom": "^0.9.6"
      },
      "bin": {
        "pdf2json": "bin/pdf2json.js"
      },
      "engines": {
        "node": ">=20.18.0",
        "npm": ">=10.8.2"
      }
    },
    "node_modules/pdf2json/node_modules/@xmldom/xmldom": {
      "version": "0.9.6",
      "inBundle": true,
      "license": "MIT",
      "engines": {
        "node": ">=14.6"
      }
    },
    "node_modules/ssf": {
      "version": "0.11.2",
      "resolved": "https://registry.npmjs.org/ssf/-/ssf-0.11.2.tgz",
      "integrity": "sha512-+idbmIXoYET47hH+d7dfm2epdOMUDjqcB4648sTZ+t2JwoyBFL/insLfB/racrDmsKB3diwsDA696pZMieAC5g==",
      "license": "Apache-2.0",
      "dependencies": {
        "frac": "~1.1.2"
      },
      "engines": {
        "node": ">=0.8"
      }
    },
    "node_modules/wmf": {
      "version": "1.0.2",
      "resolved": "https://registry.npmjs.org/wmf/-/wmf-1.0.2.tgz",
      "integrity": "sha512-/p9K7bEh0Dj6WbXg4JG0xvLQmIadrner1bi45VMJTfnbVHsc7yIajZyoSoK60/dtVBs12Fm6WkUI5/3WAVsNMw==",
      "license": "Apache-2.0",
      "engines": {
        "node": ">=0.8"
      }
    },
    "node_modules/word": {
      "version": "0.3.0",
      "resolved": "https://registry.npmjs.org/word/-/word-0.3.0.tgz",
      "integrity": "sha512-OELeY0Q61OXpdUfTp+oweA/vtLVg5VDOXh+3he3PNzLGG/y0oylSOC1xRVj0+l4vQ3tj/bB1HVHv1ocXkQceFA==",
      "license": "Apache-2.0",
      "engines": {
        "node": ">=0.8"
      }
    },
    "node_modules/xlsx": {
      "version": "0.18.5",
      "resolved": "https://registry.npmjs.org/xlsx/-/xlsx-0.18.5.tgz",
      "integrity": "sha512-dmg3LCjBPHZnQp5/F/+nnTa+miPJxUXB6vtk42YjBBKayDNagxGEeIdWApkYPOf3Z3pm3k62Knjzp7lMeTEtFQ==",
      "license": "Apache-2.0",
      "dependencies": {
        "adler-32": "~1.3.0",
        "cfb": "~1.2.1",
        "codepage": "~1.15.0",
        "crc-32": "~1.2.1",
        "ssf": "~0.11.2",
        "wmf": "~1.0.1",
        "word": "~0.3.0"
      },
      "bin": {
        "xlsx": "bin/xlsx.njs"
      },
      "engines": {
        "node": ">=0.8"
      }
    }
  }
}
