{
  "name": "pdf_to_json",
  "version": "1.0.0",
  "lockfileVersion": 3,
  "requires": true,
  "packages": {
    "": {
      "name": "pdf_to_json",
      "version": "1.0.0",
      "license": "ISC",
      "dependencies": {
        "export-to-csv": "^1.4.0",
        "json-2-csv": "^5.5.9",
        "json-csv": "^4.0.18",
        "json-to-csv-export": "^3.1.0",
        "pdf2json": "^3.1.5"
      }
    },
    "node_modules/deeks": {
      "version": "3.1.0",
      "resolved": "https://registry.npmjs.org/deeks/-/deeks-3.1.0.tgz",
      "integrity": "sha512-e7oWH1LzIdv/prMQ7pmlDlaVoL64glqzvNgkgQNgyec9ORPHrT2jaOqMtRyqJuwWjtfb6v+2rk9pmaHj+F137A==",
      "license": "MIT",
      "engines": {
        "node": ">= 16"
      }
    },
    "node_modules/doc-path": {
      "version": "4.1.1",
      "resolved": "https://registry.npmjs.org/doc-path/-/doc-path-4.1.1.tgz",
      "integrity": "sha512-h1ErTglQAVv2gCnOpD3sFS6uolDbOKHDU1BZq+Kl3npPqroU3dYL42lUgMfd5UimlwtRgp7C9dLGwqQ5D2HYgQ==",
      "license": "MIT",
      "engines": {
        "node": ">=16"
      }
    },
    "node_modules/export-to-csv": {
      "version": "1.4.0",
      "resolved": "https://registry.npmjs.org/export-to-csv/-/export-to-csv-1.4.0.tgz",
      "integrity": "sha512-6CX17Cu+rC2Fi2CyZ4CkgVG3hLl6BFsdAxfXiZkmDFIDY4mRx2y2spdeH6dqPHI9rP+AsHEfGeKz84Uuw7+Pmg==",
      "license": "MIT",
      "engines": {
        "node": "^v12.20.0 || >=v14.13.0"
      }
    },
    "node_modules/json-2-csv": {
      "version": "5.5.9",
      "resolved": "https://registry.npmjs.org/json-2-csv/-/json-2-csv-5.5.9.tgz",
      "integrity": "sha512-l4g6GZVHrsN+5SKkpOmGNSvho+saDZwXzj/xmcO0lJAgklzwsiqy70HS5tA9djcRvBEybZ9IF6R1MDFTEsaOGQ==",
      "license": "MIT",
      "dependencies": {
        "deeks": "3.1.0",
        "doc-path": "4.1.1"
      },
      "engines": {
        "node": ">= 16"
      }
    },
    "node_modules/json-csv": {
      "version": "4.0.18",
      "resolved": "https://registry.npmjs.org/json-csv/-/json-csv-4.0.18.tgz",
      "integrity": "sha512-dwIKUAlMQaojPaUr/0j85RMpi3UU6rqG3rEvTjQI2z1Wx6OvqumYbqEcofR1vnkUB7tBLSYx+aosGEW33wEqrg==",
      "license": "BSD-3",
      "engines": {
        "node": ">=10"
      }
    },
    "node_modules/json-to-csv-export": {
      "version": "3.1.0",
      "resolved": "https://registry.npmjs.org/json-to-csv-export/-/json-to-csv-export-3.1.0.tgz",
      "integrity": "sha512-MT9qhOZUk+SNCq34bH+v3lE9gxvx9NxhIrmrG5qWlG14Q87rqzkU+1hZX6kWjSdvVKASDhpMkTawgnAVSfjqYg==",
      "license": "MIT",
      "engines": {
        "node": ">=12.17.0"
      }
    },
    "node_modules/pdf2json": {
      "version": "3.1.5",
      "resolved": "https://registry.npmjs.org/pdf2json/-/pdf2json-3.1.5.tgz",
      "integrity": "sha512-djZPInDLNuJU+o6GaJNvcoUh6MtUAx3IYTQCTxywHzeg1jC5YWgz/XzlgmduxxBblpMTqY2fjcWwvyRdGPTyrQ==",
      "bundleDependencies": [
        "@xmldom/xmldom"
      ],
      "license": "Apache-2.0",
      "dependencies": {
        "@xmldom/xmldom": "^0.9.6"
      },
      "bin": {
        "pdf2json": "bin/pdf2json.js"
      },
      "engines": {
        "node": ">=20.18.0",
        "npm": ">=10.8.2"
      }
    },
    "node_modules/pdf2json/node_modules/@xmldom/xmldom": {
      "version": "0.9.6",
      "inBundle": true,
      "license": "MIT",
      "engines": {
        "node": ">=14.6"
      }
    }
  }
}
